
Microsoft Visual Studio Solution File, Format Version 12.00
# Visual Studio Version 17
VisualStudioVersion = 17.0.31903.59
MinimumVisualStudioVersion = 10.0.40219.1
Project("{FAE04EC0-301F-11D3-BF4B-00C04F79EFBC}") = "Base.Contracts", "Base.Contracts\Base.Contracts.csproj", "{92207232-92DB-4E80-B8CC-99F9F39314A0}"
EndProject
Project("{FAE04EC0-301F-11D3-BF4B-00C04F79EFBC}") = "Base.Domain", "Base.Domain\Base.Domain.csproj", "{E1C645A2-3362-491E-88F3-BE4B801C0E96}"
EndProject
Project("{FAE04EC0-301F-11D3-BF4B-00C04F79EFBC}") = "Base.Helpers", "Base.Helpers\Base.Helpers.csproj", "{15155EDE-ABD9-41E5-B3E6-7143BA69459C}"
EndProject
Project("{FAE04EC0-301F-11D3-BF4B-00C04F79EFBC}") = "App.Domain", "App.Domain\App.Domain.csproj", "{7B43C1FB-E71C-4D3E-9986-1523DCAFFDD3}"
EndProject
Project("{FAE04EC0-301F-11D3-BF4B-00C04F79EFBC}") = "App.DAL.Contracts", "App.DAL.Contracts\App.DAL.Contracts.csproj", "{2B835A92-B4A4-45BE-A8DF-30249E5C7852}"
EndProject
Project("{FAE04EC0-301F-11D3-BF4B-00C04F79EFBC}") = "App.DAL.EF", "App.DAL.EF\App.DAL.EF.csproj", "{ED52EBE2-8403-4EA5-9AEF-6790F8B45B16}"
EndProject
Project("{FAE04EC0-301F-11D3-BF4B-00C04F79EFBC}") = "App.BLL.Contracts", "App.BLL.Contracts\App.BLL.Contracts.csproj", "{892637F4-7CF2-46BB-99D6-604A4190FB55}"
EndProject
Project("{FAE04EC0-301F-11D3-BF4B-00C04F79EFBC}") = "App.BLL", "App.BLL\App.BLL.csproj", "{BFC4C321-FDB0-47D6-AA51-0437D768FB51}"
EndProject
Project("{FAE04EC0-301F-11D3-BF4B-00C04F79EFBC}") = "App.DTO", "App.DTO\App.DTO.csproj", "{500312D6-4107-4D39-822D-80AF1DA035CF}"
EndProject
Project("{FAE04EC0-301F-11D3-BF4B-00C04F79EFBC}") = "App.Resources", "App.Resources\App.Resources.csproj", "{F586B123-C30D-4333-8DF1-5B762AB3B7BC}"
EndProject
Project("{FAE04EC0-301F-11D3-BF4B-00C04F79EFBC}") = "WebApp", "WebApp\WebApp.csproj", "{245963B5-AC69-44D0-9419-23B52A4B81E7}"
EndProject
Project("{FAE04EC0-301F-11D3-BF4B-00C04F79EFBC}") = "WebApp.Tests", "WebApp.Tests\WebApp.Tests.csproj", "{45FBC5A7-F37B-48CE-83DE-F30F060D1DEE}"
EndProject
Global
	GlobalSection(SolutionConfigurationPlatforms) = preSolution
		Debug|Any CPU = Debug|Any CPU
		Debug|x64 = Debug|x64
		Debug|x86 = Debug|x86
		Release|Any CPU = Release|Any CPU
		Release|x64 = Release|x64
		Release|x86 = Release|x86
	EndGlobalSection
	GlobalSection(ProjectConfigurationPlatforms) = postSolution
		{92207232-92DB-4E80-B8CC-99F9F39314A0}.Debug|Any CPU.ActiveCfg = Debug|Any CPU
		{92207232-92DB-4E80-B8CC-99F9F39314A0}.Debug|Any CPU.Build.0 = Debug|Any CPU
		{92207232-92DB-4E80-B8CC-99F9F39314A0}.Debug|x64.ActiveCfg = Debug|Any CPU
		{92207232-92DB-4E80-B8CC-99F9F39314A0}.Debug|x64.Build.0 = Debug|Any CPU
		{92207232-92DB-4E80-B8CC-99F9F39314A0}.Debug|x86.ActiveCfg = Debug|Any CPU
		{92207232-92DB-4E80-B8CC-99F9F39314A0}.Debug|x86.Build.0 = Debug|Any CPU
		{92207232-92DB-4E80-B8CC-99F9F39314A0}.Release|Any CPU.ActiveCfg = Release|Any CPU
		{92207232-92DB-4E80-B8CC-99F9F39314A0}.Release|Any CPU.Build.0 = Release|Any CPU
		{92207232-92DB-4E80-B8CC-99F9F39314A0}.Release|x64.ActiveCfg = Release|Any CPU
		{92207232-92DB-4E80-B8CC-99F9F39314A0}.Release|x64.Build.0 = Release|Any CPU
		{92207232-92DB-4E80-B8CC-99F9F39314A0}.Release|x86.ActiveCfg = Release|Any CPU
		{92207232-92DB-4E80-B8CC-99F9F39314A0}.Release|x86.Build.0 = Release|Any CPU
		{E1C645A2-3362-491E-88F3-BE4B801C0E96}.Debug|Any CPU.ActiveCfg = Debug|Any CPU
		{E1C645A2-3362-491E-88F3-BE4B801C0E96}.Debug|Any CPU.Build.0 = Debug|Any CPU
		{E1C645A2-3362-491E-88F3-BE4B801C0E96}.Debug|x64.ActiveCfg = Debug|Any CPU
		{E1C645A2-3362-491E-88F3-BE4B801C0E96}.Debug|x64.Build.0 = Debug|Any CPU
		{E1C645A2-3362-491E-88F3-BE4B801C0E96}.Debug|x86.ActiveCfg = Debug|Any CPU
		{E1C645A2-3362-491E-88F3-BE4B801C0E96}.Debug|x86.Build.0 = Debug|Any CPU
		{E1C645A2-3362-491E-88F3-BE4B801C0E96}.Release|Any CPU.ActiveCfg = Release|Any CPU
		{E1C645A2-3362-491E-88F3-BE4B801C0E96}.Release|Any CPU.Build.0 = Release|Any CPU
		{E1C645A2-3362-491E-88F3-BE4B801C0E96}.Release|x64.ActiveCfg = Release|Any CPU
		{E1C645A2-3362-491E-88F3-BE4B801C0E96}.Release|x64.Build.0 = Release|Any CPU
		{E1C645A2-3362-491E-88F3-BE4B801C0E96}.Release|x86.ActiveCfg = Release|Any CPU
		{E1C645A2-3362-491E-88F3-BE4B801C0E96}.Release|x86.Build.0 = Release|Any CPU
		{15155EDE-ABD9-41E5-B3E6-7143BA69459C}.Debug|Any CPU.ActiveCfg = Debug|Any CPU
		{15155EDE-ABD9-41E5-B3E6-7143BA69459C}.Debug|Any CPU.Build.0 = Debug|Any CPU
		{15155EDE-ABD9-41E5-B3E6-7143BA69459C}.Debug|x64.ActiveCfg = Debug|Any CPU
		{15155EDE-ABD9-41E5-B3E6-7143BA69459C}.Debug|x64.Build.0 = Debug|Any CPU
		{15155EDE-ABD9-41E5-B3E6-7143BA69459C}.Debug|x86.ActiveCfg = Debug|Any CPU
		{15155EDE-ABD9-41E5-B3E6-7143BA69459C}.Debug|x86.Build.0 = Debug|Any CPU
		{15155EDE-ABD9-41E5-B3E6-7143BA69459C}.Release|Any CPU.ActiveCfg = Release|Any CPU
		{15155EDE-ABD9-41E5-B3E6-7143BA69459C}.Release|Any CPU.Build.0 = Release|Any CPU
		{15155EDE-ABD9-41E5-B3E6-7143BA69459C}.Release|x64.ActiveCfg = Release|Any CPU
		{15155EDE-ABD9-41E5-B3E6-7143BA69459C}.Release|x64.Build.0 = Release|Any CPU
		{15155EDE-ABD9-41E5-B3E6-7143BA69459C}.Release|x86.ActiveCfg = Release|Any CPU
		{15155EDE-ABD9-41E5-B3E6-7143BA69459C}.Release|x86.Build.0 = Release|Any CPU
		{7B43C1FB-E71C-4D3E-9986-1523DCAFFDD3}.Debug|Any CPU.ActiveCfg = Debug|Any CPU
		{7B43C1FB-E71C-4D3E-9986-1523DCAFFDD3}.Debug|Any CPU.Build.0 = Debug|Any CPU
		{7B43C1FB-E71C-4D3E-9986-1523DCAFFDD3}.Debug|x64.ActiveCfg = Debug|Any CPU
		{7B43C1FB-E71C-4D3E-9986-1523DCAFFDD3}.Debug|x64.Build.0 = Debug|Any CPU
		{7B43C1FB-E71C-4D3E-9986-1523DCAFFDD3}.Debug|x86.ActiveCfg = Debug|Any CPU
		{7B43C1FB-E71C-4D3E-9986-1523DCAFFDD3}.Debug|x86.Build.0 = Debug|Any CPU
		{7B43C1FB-E71C-4D3E-9986-1523DCAFFDD3}.Release|Any CPU.ActiveCfg = Release|Any CPU
		{7B43C1FB-E71C-4D3E-9986-1523DCAFFDD3}.Release|Any CPU.Build.0 = Release|Any CPU
		{7B43C1FB-E71C-4D3E-9986-1523DCAFFDD3}.Release|x64.ActiveCfg = Release|Any CPU
		{7B43C1FB-E71C-4D3E-9986-1523DCAFFDD3}.Release|x64.Build.0 = Release|Any CPU
		{7B43C1FB-E71C-4D3E-9986-1523DCAFFDD3}.Release|x86.ActiveCfg = Release|Any CPU
		{7B43C1FB-E71C-4D3E-9986-1523DCAFFDD3}.Release|x86.Build.0 = Release|Any CPU
		{2B835A92-B4A4-45BE-A8DF-30249E5C7852}.Debug|Any CPU.ActiveCfg = Debug|Any CPU
		{2B835A92-B4A4-45BE-A8DF-30249E5C7852}.Debug|Any CPU.Build.0 = Debug|Any CPU
		{2B835A92-B4A4-45BE-A8DF-30249E5C7852}.Debug|x64.ActiveCfg = Debug|Any CPU
		{2B835A92-B4A4-45BE-A8DF-30249E5C7852}.Debug|x64.Build.0 = Debug|Any CPU
		{2B835A92-B4A4-45BE-A8DF-30249E5C7852}.Debug|x86.ActiveCfg = Debug|Any CPU
		{2B835A92-B4A4-45BE-A8DF-30249E5C7852}.Debug|x86.Build.0 = Debug|Any CPU
		{2B835A92-B4A4-45BE-A8DF-30249E5C7852}.Release|Any CPU.ActiveCfg = Release|Any CPU
		{2B835A92-B4A4-45BE-A8DF-30249E5C7852}.Release|Any CPU.Build.0 = Release|Any CPU
		{2B835A92-B4A4-45BE-A8DF-30249E5C7852}.Release|x64.ActiveCfg = Release|Any CPU
		{2B835A92-B4A4-45BE-A8DF-30249E5C7852}.Release|x64.Build.0 = Release|Any CPU
		{2B835A92-B4A4-45BE-A8DF-30249E5C7852}.Release|x86.ActiveCfg = Release|Any CPU
		{2B835A92-B4A4-45BE-A8DF-30249E5C7852}.Release|x86.Build.0 = Release|Any CPU
		{ED52EBE2-8403-4EA5-9AEF-6790F8B45B16}.Debug|Any CPU.ActiveCfg = Debug|Any CPU
		{ED52EBE2-8403-4EA5-9AEF-6790F8B45B16}.Debug|Any CPU.Build.0 = Debug|Any CPU
		{ED52EBE2-8403-4EA5-9AEF-6790F8B45B16}.Debug|x64.ActiveCfg = Debug|Any CPU
		{ED52EBE2-8403-4EA5-9AEF-6790F8B45B16}.Debug|x64.Build.0 = Debug|Any CPU
		{ED52EBE2-8403-4EA5-9AEF-6790F8B45B16}.Debug|x86.ActiveCfg = Debug|Any CPU
		{ED52EBE2-8403-4EA5-9AEF-6790F8B45B16}.Debug|x86.Build.0 = Debug|Any CPU
		{ED52EBE2-8403-4EA5-9AEF-6790F8B45B16}.Release|Any CPU.ActiveCfg = Release|Any CPU
		{ED52EBE2-8403-4EA5-9AEF-6790F8B45B16}.Release|Any CPU.Build.0 = Release|Any CPU
		{ED52EBE2-8403-4EA5-9AEF-6790F8B45B16}.Release|x64.ActiveCfg = Release|Any CPU
		{ED52EBE2-8403-4EA5-9AEF-6790F8B45B16}.Release|x64.Build.0 = Release|Any CPU
		{ED52EBE2-8403-4EA5-9AEF-6790F8B45B16}.Release|x86.ActiveCfg = Release|Any CPU
		{ED52EBE2-8403-4EA5-9AEF-6790F8B45B16}.Release|x86.Build.0 = Release|Any CPU
		{892637F4-7CF2-46BB-99D6-604A4190FB55}.Debug|Any CPU.ActiveCfg = Debug|Any CPU
		{892637F4-7CF2-46BB-99D6-604A4190FB55}.Debug|Any CPU.Build.0 = Debug|Any CPU
		{892637F4-7CF2-46BB-99D6-604A4190FB55}.Debug|x64.ActiveCfg = Debug|Any CPU
		{892637F4-7CF2-46BB-99D6-604A4190FB55}.Debug|x64.Build.0 = Debug|Any CPU
		{892637F4-7CF2-46BB-99D6-604A4190FB55}.Debug|x86.ActiveCfg = Debug|Any CPU
		{892637F4-7CF2-46BB-99D6-604A4190FB55}.Debug|x86.Build.0 = Debug|Any CPU
		{892637F4-7CF2-46BB-99D6-604A4190FB55}.Release|Any CPU.ActiveCfg = Release|Any CPU
		{892637F4-7CF2-46BB-99D6-604A4190FB55}.Release|Any CPU.Build.0 = Release|Any CPU
		{892637F4-7CF2-46BB-99D6-604A4190FB55}.Release|x64.ActiveCfg = Release|Any CPU
		{892637F4-7CF2-46BB-99D6-604A4190FB55}.Release|x64.Build.0 = Release|Any CPU
		{892637F4-7CF2-46BB-99D6-604A4190FB55}.Release|x86.ActiveCfg = Release|Any CPU
		{892637F4-7CF2-46BB-99D6-604A4190FB55}.Release|x86.Build.0 = Release|Any CPU
		{BFC4C321-FDB0-47D6-AA51-0437D768FB51}.Debug|Any CPU.ActiveCfg = Debug|Any CPU
		{BFC4C321-FDB0-47D6-AA51-0437D768FB51}.Debug|Any CPU.Build.0 = Debug|Any CPU
		{BFC4C321-FDB0-47D6-AA51-0437D768FB51}.Debug|x64.ActiveCfg = Debug|Any CPU
		{BFC4C321-FDB0-47D6-AA51-0437D768FB51}.Debug|x64.Build.0 = Debug|Any CPU
		{BFC4C321-FDB0-47D6-AA51-0437D768FB51}.Debug|x86.ActiveCfg = Debug|Any CPU
		{BFC4C321-FDB0-47D6-AA51-0437D768FB51}.Debug|x86.Build.0 = Debug|Any CPU
		{BFC4C321-FDB0-47D6-AA51-0437D768FB51}.Release|Any CPU.ActiveCfg = Release|Any CPU
		{BFC4C321-FDB0-47D6-AA51-0437D768FB51}.Release|Any CPU.Build.0 = Release|Any CPU
		{BFC4C321-FDB0-47D6-AA51-0437D768FB51}.Release|x64.ActiveCfg = Release|Any CPU
		{BFC4C321-FDB0-47D6-AA51-0437D768FB51}.Release|x64.Build.0 = Release|Any CPU
		{BFC4C321-FDB0-47D6-AA51-0437D768FB51}.Release|x86.ActiveCfg = Release|Any CPU
		{BFC4C321-FDB0-47D6-AA51-0437D768FB51}.Release|x86.Build.0 = Release|Any CPU
		{500312D6-4107-4D39-822D-80AF1DA035CF}.Debug|Any CPU.ActiveCfg = Debug|Any CPU
		{500312D6-4107-4D39-822D-80AF1DA035CF}.Debug|Any CPU.Build.0 = Debug|Any CPU
		{500312D6-4107-4D39-822D-80AF1DA035CF}.Debug|x64.ActiveCfg = Debug|Any CPU
		{500312D6-4107-4D39-822D-80AF1DA035CF}.Debug|x64.Build.0 = Debug|Any CPU
		{500312D6-4107-4D39-822D-80AF1DA035CF}.Debug|x86.ActiveCfg = Debug|Any CPU
		{500312D6-4107-4D39-822D-80AF1DA035CF}.Debug|x86.Build.0 = Debug|Any CPU
		{500312D6-4107-4D39-822D-80AF1DA035CF}.Release|Any CPU.ActiveCfg = Release|Any CPU
		{500312D6-4107-4D39-822D-80AF1DA035CF}.Release|Any CPU.Build.0 = Release|Any CPU
		{500312D6-4107-4D39-822D-80AF1DA035CF}.Release|x64.ActiveCfg = Release|Any CPU
		{500312D6-4107-4D39-822D-80AF1DA035CF}.Release|x64.Build.0 = Release|Any CPU
		{500312D6-4107-4D39-822D-80AF1DA035CF}.Release|x86.ActiveCfg = Release|Any CPU
		{500312D6-4107-4D39-822D-80AF1DA035CF}.Release|x86.Build.0 = Release|Any CPU
		{F586B123-C30D-4333-8DF1-5B762AB3B7BC}.Debug|Any CPU.ActiveCfg = Debug|Any CPU
		{F586B123-C30D-4333-8DF1-5B762AB3B7BC}.Debug|Any CPU.Build.0 = Debug|Any CPU
		{F586B123-C30D-4333-8DF1-5B762AB3B7BC}.Debug|x64.ActiveCfg = Debug|Any CPU
		{F586B123-C30D-4333-8DF1-5B762AB3B7BC}.Debug|x64.Build.0 = Debug|Any CPU
		{F586B123-C30D-4333-8DF1-5B762AB3B7BC}.Debug|x86.ActiveCfg = Debug|Any CPU
		{F586B123-C30D-4333-8DF1-5B762AB3B7BC}.Debug|x86.Build.0 = Debug|Any CPU
		{F586B123-C30D-4333-8DF1-5B762AB3B7BC}.Release|Any CPU.ActiveCfg = Release|Any CPU
		{F586B123-C30D-4333-8DF1-5B762AB3B7BC}.Release|Any CPU.Build.0 = Release|Any CPU
		{F586B123-C30D-4333-8DF1-5B762AB3B7BC}.Release|x64.ActiveCfg = Release|Any CPU
		{F586B123-C30D-4333-8DF1-5B762AB3B7BC}.Release|x64.Build.0 = Release|Any CPU
		{F586B123-C30D-4333-8DF1-5B762AB3B7BC}.Release|x86.ActiveCfg = Release|Any CPU
		{F586B123-C30D-4333-8DF1-5B762AB3B7BC}.Release|x86.Build.0 = Release|Any CPU
		{245963B5-AC69-44D0-9419-23B52A4B81E7}.Debug|Any CPU.ActiveCfg = Debug|Any CPU
		{245963B5-AC69-44D0-9419-23B52A4B81E7}.Debug|Any CPU.Build.0 = Debug|Any CPU
		{245963B5-AC69-44D0-9419-23B52A4B81E7}.Debug|x64.ActiveCfg = Debug|Any CPU
		{245963B5-AC69-44D0-9419-23B52A4B81E7}.Debug|x64.Build.0 = Debug|Any CPU
		{245963B5-AC69-44D0-9419-23B52A4B81E7}.Debug|x86.ActiveCfg = Debug|Any CPU
		{245963B5-AC69-44D0-9419-23B52A4B81E7}.Debug|x86.Build.0 = Debug|Any CPU
		{245963B5-AC69-44D0-9419-23B52A4B81E7}.Release|Any CPU.ActiveCfg = Release|Any CPU
		{245963B5-AC69-44D0-9419-23B52A4B81E7}.Release|Any CPU.Build.0 = Release|Any CPU
		{245963B5-AC69-44D0-9419-23B52A4B81E7}.Release|x64.ActiveCfg = Release|Any CPU
		{245963B5-AC69-44D0-9419-23B52A4B81E7}.Release|x64.Build.0 = Release|Any CPU
		{245963B5-AC69-44D0-9419-23B52A4B81E7}.Release|x86.ActiveCfg = Release|Any CPU
		{245963B5-AC69-44D0-9419-23B52A4B81E7}.Release|x86.Build.0 = Release|Any CPU
		{45FBC5A7-F37B-48CE-83DE-F30F060D1DEE}.Debug|Any CPU.ActiveCfg = Debug|Any CPU
		{45FBC5A7-F37B-48CE-83DE-F30F060D1DEE}.Debug|Any CPU.Build.0 = Debug|Any CPU
		{45FBC5A7-F37B-48CE-83DE-F30F060D1DEE}.Debug|x64.ActiveCfg = Debug|Any CPU
		{45FBC5A7-F37B-48CE-83DE-F30F060D1DEE}.Debug|x64.Build.0 = Debug|Any CPU
		{45FBC5A7-F37B-48CE-83DE-F30F060D1DEE}.Debug|x86.ActiveCfg = Debug|Any CPU
		{45FBC5A7-F37B-48CE-83DE-F30F060D1DEE}.Debug|x86.Build.0 = Debug|Any CPU
		{45FBC5A7-F37B-48CE-83DE-F30F060D1DEE}.Release|Any CPU.ActiveCfg = Release|Any CPU
		{45FBC5A7-F37B-48CE-83DE-F30F060D1DEE}.Release|Any CPU.Build.0 = Release|Any CPU
		{45FBC5A7-F37B-48CE-83DE-F30F060D1DEE}.Release|x64.ActiveCfg = Release|Any CPU
		{45FBC5A7-F37B-48CE-83DE-F30F060D1DEE}.Release|x64.Build.0 = Release|Any CPU
		{45FBC5A7-F37B-48CE-83DE-F30F060D1DEE}.Release|x86.ActiveCfg = Release|Any CPU
		{45FBC5A7-F37B-48CE-83DE-F30F060D1DEE}.Release|x86.Build.0 = Release|Any CPU
	EndGlobalSection
	GlobalSection(SolutionProperties) = preSolution
		HideSolutionNode = FALSE
	EndGlobalSection
EndGlobal
